
Microsoft Visual Studio Solution File, Format Version 12.00
Project("{2150E333-8FDC-42A3-9474-1A3956D46DE8}") = "src", "src", "{98DA763A-DC9E-4E65-965B-1C1A8456E6E9}"
EndProject
Project("{2150E333-8FDC-42A3-9474-1A3956D46DE8}") = "Solution files", "Solution files", "{1B5B51CB-2109-4D82-91C2-4DBB4653F113}"
	ProjectSection(SolutionItems) = preProject
		Directory.Build.props = Directory.Build.props
		Directory.Packages.props = Directory.Packages.props
		nuget.config = nuget.config
		README.md = README.md
	EndProjectSection
EndProject
Project("{FAE04EC0-301F-11D3-BF4B-00C04F79EFBC}") = "Goshin.API", "src\Goshin.API\Goshin.API.csproj", "{B1DD2A81-48E7-47AB-9D8D-0C27104ACF0D}"
EndProject
Project("{FAE04EC0-301F-11D3-BF4B-00C04F79EFBC}") = "Goshin.Services.Sanity", "src\Goshin.Services.Sanity\Goshin.Services.Sanity.csproj", "{993A7EED-0824-4E1D-8E04-96040B28D10C}"
EndProject
Project("{FAE04EC0-301F-11D3-BF4B-00C04F79EFBC}") = "Goshin.Database", "src\Goshin.Database\Goshin.Database.csproj", "{AD549EFA-71BF-4CCA-BFF0-8DE50EAC1C87}"
EndProject
Project("{FAE04EC0-301F-11D3-BF4B-00C04F79EFBC}") = "Goshin.Domain", "src\Goshin.Domain\Goshin.Domain.csproj", "{6BE78062-8C96-4DA4-B906-199E993FD2E5}"
EndProject
Project("{2150E333-8FDC-42A3-9474-1A3956D46DE8}") = "API", "API", "{BCE14392-D123-422B-90C4-5004AB5D0890}"
EndProject
Project("{FAE04EC0-301F-11D3-BF4B-00C04F79EFBC}") = "Goshin.API.Models", "src\Goshin.API.Models\Goshin.API.Models.csproj", "{133F5CAD-CC6F-4244-A1B3-A2E705239C4B}"
EndProject
Project("{FAE04EC0-301F-11D3-BF4B-00C04F79EFBC}") = "Goshin.Mappers", "src\Goshin.Mappers\Goshin.Mappers.csproj", "{38B43B5E-67F8-4CD2-9CCA-BF4A3DE2D8FF}"
EndProject
Project("{2150E333-8FDC-42A3-9474-1A3956D46DE8}") = "Services", "Services", "{E44869E3-7968-46DC-A880-1182858D4A5D}"
EndProject
Project("{FAE04EC0-301F-11D3-BF4B-00C04F79EFBC}") = "Goshin.Services", "src\Goshin.Services\Goshin.Services.csproj", "{D50926D7-D02D-4E5B-A9D2-E4FD6F5F2321}"
EndProject
Global
	GlobalSection(SolutionConfigurationPlatforms) = preSolution
		Debug|Any CPU = Debug|Any CPU
		Release|Any CPU = Release|Any CPU
	EndGlobalSection
	GlobalSection(ProjectConfigurationPlatforms) = postSolution
		{B1DD2A81-48E7-47AB-9D8D-0C27104ACF0D}.Debug|Any CPU.ActiveCfg = Debug|Any CPU
		{B1DD2A81-48E7-47AB-9D8D-0C27104ACF0D}.Debug|Any CPU.Build.0 = Debug|Any CPU
		{B1DD2A81-48E7-47AB-9D8D-0C27104ACF0D}.Release|Any CPU.ActiveCfg = Release|Any CPU
		{B1DD2A81-48E7-47AB-9D8D-0C27104ACF0D}.Release|Any CPU.Build.0 = Release|Any CPU
		{993A7EED-0824-4E1D-8E04-96040B28D10C}.Debug|Any CPU.ActiveCfg = Debug|Any CPU
		{993A7EED-0824-4E1D-8E04-96040B28D10C}.Debug|Any CPU.Build.0 = Debug|Any CPU
		{993A7EED-0824-4E1D-8E04-96040B28D10C}.Release|Any CPU.ActiveCfg = Release|Any CPU
		{993A7EED-0824-4E1D-8E04-96040B28D10C}.Release|Any CPU.Build.0 = Release|Any CPU
		{AD549EFA-71BF-4CCA-BFF0-8DE50EAC1C87}.Debug|Any CPU.ActiveCfg = Debug|Any CPU
		{AD549EFA-71BF-4CCA-BFF0-8DE50EAC1C87}.Debug|Any CPU.Build.0 = Debug|Any CPU
		{AD549EFA-71BF-4CCA-BFF0-8DE50EAC1C87}.Release|Any CPU.ActiveCfg = Release|Any CPU
		{AD549EFA-71BF-4CCA-BFF0-8DE50EAC1C87}.Release|Any CPU.Build.0 = Release|Any CPU
		{6BE78062-8C96-4DA4-B906-199E993FD2E5}.Debug|Any CPU.ActiveCfg = Debug|Any CPU
		{6BE78062-8C96-4DA4-B906-199E993FD2E5}.Debug|Any CPU.Build.0 = Debug|Any CPU
		{6BE78062-8C96-4DA4-B906-199E993FD2E5}.Release|Any CPU.ActiveCfg = Release|Any CPU
		{6BE78062-8C96-4DA4-B906-199E993FD2E5}.Release|Any CPU.Build.0 = Release|Any CPU
		{133F5CAD-CC6F-4244-A1B3-A2E705239C4B}.Debug|Any CPU.ActiveCfg = Debug|Any CPU
		{133F5CAD-CC6F-4244-A1B3-A2E705239C4B}.Debug|Any CPU.Build.0 = Debug|Any CPU
		{133F5CAD-CC6F-4244-A1B3-A2E705239C4B}.Release|Any CPU.ActiveCfg = Release|Any CPU
		{133F5CAD-CC6F-4244-A1B3-A2E705239C4B}.Release|Any CPU.Build.0 = Release|Any CPU
		{38B43B5E-67F8-4CD2-9CCA-BF4A3DE2D8FF}.Debug|Any CPU.ActiveCfg = Debug|Any CPU
		{38B43B5E-67F8-4CD2-9CCA-BF4A3DE2D8FF}.Debug|Any CPU.Build.0 = Debug|Any CPU
		{38B43B5E-67F8-4CD2-9CCA-BF4A3DE2D8FF}.Release|Any CPU.ActiveCfg = Release|Any CPU
		{38B43B5E-67F8-4CD2-9CCA-BF4A3DE2D8FF}.Release|Any CPU.Build.0 = Release|Any CPU
		{D50926D7-D02D-4E5B-A9D2-E4FD6F5F2321}.Debug|Any CPU.ActiveCfg = Debug|Any CPU
		{D50926D7-D02D-4E5B-A9D2-E4FD6F5F2321}.Debug|Any CPU.Build.0 = Debug|Any CPU
		{D50926D7-D02D-4E5B-A9D2-E4FD6F5F2321}.Release|Any CPU.ActiveCfg = Release|Any CPU
		{D50926D7-D02D-4E5B-A9D2-E4FD6F5F2321}.Release|Any CPU.Build.0 = Release|Any CPU
	EndGlobalSection
	GlobalSection(NestedProjects) = preSolution
		{AD549EFA-71BF-4CCA-BFF0-8DE50EAC1C87} = {98DA763A-DC9E-4E65-965B-1C1A8456E6E9}
		{6BE78062-8C96-4DA4-B906-199E993FD2E5} = {98DA763A-DC9E-4E65-965B-1C1A8456E6E9}
		{BCE14392-D123-422B-90C4-5004AB5D0890} = {98DA763A-DC9E-4E65-965B-1C1A8456E6E9}
		{B1DD2A81-48E7-47AB-9D8D-0C27104ACF0D} = {BCE14392-D123-422B-90C4-5004AB5D0890}
		{133F5CAD-CC6F-4244-A1B3-A2E705239C4B} = {BCE14392-D123-422B-90C4-5004AB5D0890}
		{38B43B5E-67F8-4CD2-9CCA-BF4A3DE2D8FF} = {BCE14392-D123-422B-90C4-5004AB5D0890}
		{E44869E3-7968-46DC-A880-1182858D4A5D} = {98DA763A-DC9E-4E65-965B-1C1A8456E6E9}
		{993A7EED-0824-4E1D-8E04-96040B28D10C} = {E44869E3-7968-46DC-A880-1182858D4A5D}
		{D50926D7-D02D-4E5B-A9D2-E4FD6F5F2321} = {E44869E3-7968-46DC-A880-1182858D4A5D}
	EndGlobalSection
EndGlobal
